
Microsoft Visual Studio Solution File, Format Version 12.00
# Visual Studio Version 17
VisualStudioVersion = 17.11.35312.102
MinimumVisualStudioVersion = 10.0.40219.1
Project("{FAE04EC0-301F-11D3-BF4B-00C04F79EFBC}") = "bankAPI", "bankAPI\bankAPI.csproj", "{594AB0B7-669A-4C7A-AD2D-16CDF146B371}"
EndProject
Global
	GlobalSection(SolutionConfigurationPlatforms) = preSolution
		Debug|Any CPU = Debug|Any CPU
		Release|Any CPU = Release|Any CPU
	EndGlobalSection
	GlobalSection(ProjectConfigurationPlatforms) = postSolution
		{594AB0B7-669A-4C7A-AD2D-16CDF146B371}.Debug|Any CPU.ActiveCfg = Debug|Any CPU
		{594AB0B7-669A-4C7A-AD2D-16CDF146B371}.Debug|Any CPU.Build.0 = Debug|Any CPU
		{594AB0B7-669A-4C7A-AD2D-16CDF146B371}.Release|Any CPU.ActiveCfg = Release|Any CPU
		{594AB0B7-669A-4C7A-AD2D-16CDF146B371}.Release|Any CPU.Build.0 = Release|Any CPU
	EndGlobalSection
	GlobalSection(SolutionProperties) = preSolution
		HideSolutionNode = FALSE
	EndGlobalSection
	GlobalSection(ExtensibilityGlobals) = postSolution
		SolutionGuid = {C151A348-DFF0-4587-A5A6-F09FBB87CC3B}
	EndGlobalSection
EndGlobal
